
Microsoft Visual Studio Solution File, Format Version 12.00
# Visual Studio 15
VisualStudioVersion = 15.0.27703.2035
MinimumVisualStudioVersion = 10.0.40219.1
Project("{8BC9CEB8-8B4A-11D0-8D11-00A0C91BC942}") = "vector_items_delete_optimize", "vector_items_delete_optimize\vector_items_delete_optimize.vcxproj", "{173CB986-E6B1-451B-9025-4E87CEA72AA8}"
EndProject
Project("{8BC9CEB8-8B4A-11D0-8D11-00A0C91BC942}") = "vector_erase_remove_idiom", "vector_erase_remove_idiom\vector_erase_remove_idiom.vcxproj", "{432ADE26-7771-459B-A0EA-66B2EDC1A6D9}"
EndProject
Project("{8BC9CEB8-8B4A-11D0-8D11-00A0C91BC942}") = "vector_element_access", "vector_element_access\vector_element_access.vcxproj", "{6B51068E-67AE-4DC3-AA77-E3D9F54B94F5}"
EndProject
Project("{8BC9CEB8-8B4A-11D0-8D11-00A0C91BC942}") = "sorted_vector", "sorted_vector\sorted_vector.vcxproj", "{DAA0982D-E64C-4779-B9C4-D22AC3FB88F5}"
EndProject
Project("{8BC9CEB8-8B4A-11D0-8D11-00A0C91BC942}") = "reverse_iterator_adapters", "reverse_iterator_adapters\reverse_iterator_adapters.vcxproj", "{B044507C-4F42-46CE-A1EC-847EDABF625D}"
EndProject
Project("{8BC9CEB8-8B4A-11D0-8D11-00A0C91BC942}") = "iterator_adapters", "iterator_adapters\iterator_adapters.vcxproj", "{2751E137-4A8A-4000-BA0A-A182377A181E}"
EndProject
Project("{8BC9CEB8-8B4A-11D0-8D11-00A0C91BC942}") = "custom_iterable_range", "custom_iterable_range\custom_iterable_range.vcxproj", "{B163C686-3DD7-442B-88FC-489BB4D8EFCB}"
EndProject
Project("{8BC9CEB8-8B4A-11D0-8D11-00A0C91BC942}") = "conditional_map_insert", "conditional_map_insert\conditional_map_insert.vcxproj", "{226DE0CB-5CA7-4833-BB03-D4181C3504C0}"
EndProject
Project("{8BC9CEB8-8B4A-11D0-8D11-00A0C91BC942}") = "compatible_custom_iterators", "compatible_custom_iterators\compatible_custom_iterators.vcxproj", "{0A72C9C7-0528-4BF8-9C6E-52FED9BA5344}"
EndProject
Project("{8BC9CEB8-8B4A-11D0-8D11-00A0C91BC942}") = "algo_in_terms_of_iterators", "algo_in_terms_of_iterators\algo_in_terms_of_iterators.vcxproj", "{3FA9A103-9B8E-44CF-A767-B1E00094CE9E}"
EndProject
Project("{8BC9CEB8-8B4A-11D0-8D11-00A0C91BC942}") = "copy_container_items", "copy_container_items\copy_container_items.vcxproj", "{700D5645-913F-49CA-9D99-7464DC256B51}"
EndProject
Project("{8BC9CEB8-8B4A-11D0-8D11-00A0C91BC942}") = "sorting_containers", "sorting_containers\sorting_containers.vcxproj", "{0D0911D5-D191-434C-819F-A0047DAE6A7B}"
EndProject
Project("{8BC9CEB8-8B4A-11D0-8D11-00A0C91BC942}") = "remove_specific_items", "remove_specific_items\remove_specific_items.vcxproj", "{7B0C5545-CB44-496A-98FE-27E74C7D06A2}"
EndProject
Project("{8BC9CEB8-8B4A-11D0-8D11-00A0C91BC942}") = "transform_container_items", "transform_container_items\transform_container_items.vcxproj", "{419692E2-C648-4E90-976D-8918992F3D6C}"
EndProject
Project("{8BC9CEB8-8B4A-11D0-8D11-00A0C91BC942}") = "find_items_in_vector", "find_items_in_vector\find_items_in_vector.vcxproj", "{7048E58C-927D-46D7-ABF9-D4CECEFA2EF5}"
EndProject
Project("{8BC9CEB8-8B4A-11D0-8D11-00A0C91BC942}") = "limit_vector_value", "limit_vector_value\limit_vector_value.vcxproj", "{29CB64DA-2E66-456D-8B10-5ED34C754E0A}"
EndProject
Global
	GlobalSection(SolutionConfigurationPlatforms) = preSolution
		Debug|x64 = Debug|x64
		Debug|x86 = Debug|x86
		Release|x64 = Release|x64
		Release|x86 = Release|x86
	EndGlobalSection
	GlobalSection(ProjectConfigurationPlatforms) = postSolution
		{173CB986-E6B1-451B-9025-4E87CEA72AA8}.Debug|x64.ActiveCfg = Debug|x64
		{173CB986-E6B1-451B-9025-4E87CEA72AA8}.Debug|x64.Build.0 = Debug|x64
		{173CB986-E6B1-451B-9025-4E87CEA72AA8}.Debug|x86.ActiveCfg = Debug|Win32
		{173CB986-E6B1-451B-9025-4E87CEA72AA8}.Debug|x86.Build.0 = Debug|Win32
		{173CB986-E6B1-451B-9025-4E87CEA72AA8}.Release|x64.ActiveCfg = Release|x64
		{173CB986-E6B1-451B-9025-4E87CEA72AA8}.Release|x64.Build.0 = Release|x64
		{173CB986-E6B1-451B-9025-4E87CEA72AA8}.Release|x86.ActiveCfg = Release|Win32
		{173CB986-E6B1-451B-9025-4E87CEA72AA8}.Release|x86.Build.0 = Release|Win32
		{432ADE26-7771-459B-A0EA-66B2EDC1A6D9}.Debug|x64.ActiveCfg = Debug|x64
		{432ADE26-7771-459B-A0EA-66B2EDC1A6D9}.Debug|x64.Build.0 = Debug|x64
		{432ADE26-7771-459B-A0EA-66B2EDC1A6D9}.Debug|x86.ActiveCfg = Debug|Win32
		{432ADE26-7771-459B-A0EA-66B2EDC1A6D9}.Debug|x86.Build.0 = Debug|Win32
		{432ADE26-7771-459B-A0EA-66B2EDC1A6D9}.Release|x64.ActiveCfg = Release|x64
		{432ADE26-7771-459B-A0EA-66B2EDC1A6D9}.Release|x64.Build.0 = Release|x64
		{432ADE26-7771-459B-A0EA-66B2EDC1A6D9}.Release|x86.ActiveCfg = Release|Win32
		{432ADE26-7771-459B-A0EA-66B2EDC1A6D9}.Release|x86.Build.0 = Release|Win32
		{6B51068E-67AE-4DC3-AA77-E3D9F54B94F5}.Debug|x64.ActiveCfg = Debug|x64
		{6B51068E-67AE-4DC3-AA77-E3D9F54B94F5}.Debug|x64.Build.0 = Debug|x64
		{6B51068E-67AE-4DC3-AA77-E3D9F54B94F5}.Debug|x86.ActiveCfg = Debug|Win32
		{6B51068E-67AE-4DC3-AA77-E3D9F54B94F5}.Debug|x86.Build.0 = Debug|Win32
		{6B51068E-67AE-4DC3-AA77-E3D9F54B94F5}.Release|x64.ActiveCfg = Release|x64
		{6B51068E-67AE-4DC3-AA77-E3D9F54B94F5}.Release|x64.Build.0 = Release|x64
		{6B51068E-67AE-4DC3-AA77-E3D9F54B94F5}.Release|x86.ActiveCfg = Release|Win32
		{6B51068E-67AE-4DC3-AA77-E3D9F54B94F5}.Release|x86.Build.0 = Release|Win32
		{DAA0982D-E64C-4779-B9C4-D22AC3FB88F5}.Debug|x64.ActiveCfg = Debug|x64
		{DAA0982D-E64C-4779-B9C4-D22AC3FB88F5}.Debug|x64.Build.0 = Debug|x64
		{DAA0982D-E64C-4779-B9C4-D22AC3FB88F5}.Debug|x86.ActiveCfg = Debug|Win32
		{DAA0982D-E64C-4779-B9C4-D22AC3FB88F5}.Debug|x86.Build.0 = Debug|Win32
		{DAA0982D-E64C-4779-B9C4-D22AC3FB88F5}.Release|x64.ActiveCfg = Release|x64
		{DAA0982D-E64C-4779-B9C4-D22AC3FB88F5}.Release|x64.Build.0 = Release|x64
		{DAA0982D-E64C-4779-B9C4-D22AC3FB88F5}.Release|x86.ActiveCfg = Release|Win32
		{DAA0982D-E64C-4779-B9C4-D22AC3FB88F5}.Release|x86.Build.0 = Release|Win32
		{B044507C-4F42-46CE-A1EC-847EDABF625D}.Debug|x64.ActiveCfg = Debug|x64
		{B044507C-4F42-46CE-A1EC-847EDABF625D}.Debug|x64.Build.0 = Debug|x64
		{B044507C-4F42-46CE-A1EC-847EDABF625D}.Debug|x86.ActiveCfg = Debug|Win32
		{B044507C-4F42-46CE-A1EC-847EDABF625D}.Debug|x86.Build.0 = Debug|Win32
		{B044507C-4F42-46CE-A1EC-847EDABF625D}.Release|x64.ActiveCfg = Release|x64
		{B044507C-4F42-46CE-A1EC-847EDABF625D}.Release|x64.Build.0 = Release|x64
		{B044507C-4F42-46CE-A1EC-847EDABF625D}.Release|x86.ActiveCfg = Release|Win32
		{B044507C-4F42-46CE-A1EC-847EDABF625D}.Release|x86.Build.0 = Release|Win32
		{2751E137-4A8A-4000-BA0A-A182377A181E}.Debug|x64.ActiveCfg = Debug|x64
		{2751E137-4A8A-4000-BA0A-A182377A181E}.Debug|x64.Build.0 = Debug|x64
		{2751E137-4A8A-4000-BA0A-A182377A181E}.Debug|x86.ActiveCfg = Debug|Win32
		{2751E137-4A8A-4000-BA0A-A182377A181E}.Debug|x86.Build.0 = Debug|Win32
		{2751E137-4A8A-4000-BA0A-A182377A181E}.Release|x64.ActiveCfg = Release|x64
		{2751E137-4A8A-4000-BA0A-A182377A181E}.Release|x64.Build.0 = Release|x64
		{2751E137-4A8A-4000-BA0A-A182377A181E}.Release|x86.ActiveCfg = Release|Win32
		{2751E137-4A8A-4000-BA0A-A182377A181E}.Release|x86.Build.0 = Release|Win32
		{B163C686-3DD7-442B-88FC-489BB4D8EFCB}.Debug|x64.ActiveCfg = Debug|x64
		{B163C686-3DD7-442B-88FC-489BB4D8EFCB}.Debug|x64.Build.0 = Debug|x64
		{B163C686-3DD7-442B-88FC-489BB4D8EFCB}.Debug|x86.ActiveCfg = Debug|Win32
		{B163C686-3DD7-442B-88FC-489BB4D8EFCB}.Debug|x86.Build.0 = Debug|Win32
		{B163C686-3DD7-442B-88FC-489BB4D8EFCB}.Release|x64.ActiveCfg = Release|x64
		{B163C686-3DD7-442B-88FC-489BB4D8EFCB}.Release|x64.Build.0 = Release|x64
		{B163C686-3DD7-442B-88FC-489BB4D8EFCB}.Release|x86.ActiveCfg = Release|Win32
		{B163C686-3DD7-442B-88FC-489BB4D8EFCB}.Release|x86.Build.0 = Release|Win32
		{226DE0CB-5CA7-4833-BB03-D4181C3504C0}.Debug|x64.ActiveCfg = Debug|x64
		{226DE0CB-5CA7-4833-BB03-D4181C3504C0}.Debug|x64.Build.0 = Debug|x64
		{226DE0CB-5CA7-4833-BB03-D4181C3504C0}.Debug|x86.ActiveCfg = Debug|Win32
		{226DE0CB-5CA7-4833-BB03-D4181C3504C0}.Debug|x86.Build.0 = Debug|Win32
		{226DE0CB-5CA7-4833-BB03-D4181C3504C0}.Release|x64.ActiveCfg = Release|x64
		{226DE0CB-5CA7-4833-BB03-D4181C3504C0}.Release|x64.Build.0 = Release|x64
		{226DE0CB-5CA7-4833-BB03-D4181C3504C0}.Release|x86.ActiveCfg = Release|Win32
		{226DE0CB-5CA7-4833-BB03-D4181C3504C0}.Release|x86.Build.0 = Release|Win32
		{0A72C9C7-0528-4BF8-9C6E-52FED9BA5344}.Debug|x64.ActiveCfg = Debug|x64
		{0A72C9C7-0528-4BF8-9C6E-52FED9BA5344}.Debug|x64.Build.0 = Debug|x64
		{0A72C9C7-0528-4BF8-9C6E-52FED9BA5344}.Debug|x86.ActiveCfg = Debug|Win32
		{0A72C9C7-0528-4BF8-9C6E-52FED9BA5344}.Debug|x86.Build.0 = Debug|Win32
		{0A72C9C7-0528-4BF8-9C6E-52FED9BA5344}.Release|x64.ActiveCfg = Release|x64
		{0A72C9C7-0528-4BF8-9C6E-52FED9BA5344}.Release|x64.Build.0 = Release|x64
		{0A72C9C7-0528-4BF8-9C6E-52FED9BA5344}.Release|x86.ActiveCfg = Release|Win32
		{0A72C9C7-0528-4BF8-9C6E-52FED9BA5344}.Release|x86.Build.0 = Release|Win32
		{3FA9A103-9B8E-44CF-A767-B1E00094CE9E}.Debug|x64.ActiveCfg = Debug|x64
		{3FA9A103-9B8E-44CF-A767-B1E00094CE9E}.Debug|x64.Build.0 = Debug|x64
		{3FA9A103-9B8E-44CF-A767-B1E00094CE9E}.Debug|x86.ActiveCfg = Debug|Win32
		{3FA9A103-9B8E-44CF-A767-B1E00094CE9E}.Debug|x86.Build.0 = Debug|Win32
		{3FA9A103-9B8E-44CF-A767-B1E00094CE9E}.Release|x64.ActiveCfg = Release|x64
		{3FA9A103-9B8E-44CF-A767-B1E00094CE9E}.Release|x64.Build.0 = Release|x64
		{3FA9A103-9B8E-44CF-A767-B1E00094CE9E}.Release|x86.ActiveCfg = Release|Win32
		{3FA9A103-9B8E-44CF-A767-B1E00094CE9E}.Release|x86.Build.0 = Release|Win32
		{700D5645-913F-49CA-9D99-7464DC256B51}.Debug|x64.ActiveCfg = Debug|x64
		{700D5645-913F-49CA-9D99-7464DC256B51}.Debug|x64.Build.0 = Debug|x64
		{700D5645-913F-49CA-9D99-7464DC256B51}.Debug|x86.ActiveCfg = Debug|Win32
		{700D5645-913F-49CA-9D99-7464DC256B51}.Debug|x86.Build.0 = Debug|Win32
		{700D5645-913F-49CA-9D99-7464DC256B51}.Release|x64.ActiveCfg = Release|x64
		{700D5645-913F-49CA-9D99-7464DC256B51}.Release|x64.Build.0 = Release|x64
		{700D5645-913F-49CA-9D99-7464DC256B51}.Release|x86.ActiveCfg = Release|Win32
		{700D5645-913F-49CA-9D99-7464DC256B51}.Release|x86.Build.0 = Release|Win32
		{0D0911D5-D191-434C-819F-A0047DAE6A7B}.Debug|x64.ActiveCfg = Debug|x64
		{0D0911D5-D191-434C-819F-A0047DAE6A7B}.Debug|x64.Build.0 = Debug|x64
		{0D0911D5-D191-434C-819F-A0047DAE6A7B}.Debug|x86.ActiveCfg = Debug|Win32
		{0D0911D5-D191-434C-819F-A0047DAE6A7B}.Debug|x86.Build.0 = Debug|Win32
		{0D0911D5-D191-434C-819F-A0047DAE6A7B}.Release|x64.ActiveCfg = Release|x64
		{0D0911D5-D191-434C-819F-A0047DAE6A7B}.Release|x64.Build.0 = Release|x64
		{0D0911D5-D191-434C-819F-A0047DAE6A7B}.Release|x86.ActiveCfg = Release|Win32
		{0D0911D5-D191-434C-819F-A0047DAE6A7B}.Release|x86.Build.0 = Release|Win32
		{7B0C5545-CB44-496A-98FE-27E74C7D06A2}.Debug|x64.ActiveCfg = Debug|x64
		{7B0C5545-CB44-496A-98FE-27E74C7D06A2}.Debug|x64.Build.0 = Debug|x64
		{7B0C5545-CB44-496A-98FE-27E74C7D06A2}.Debug|x86.ActiveCfg = Debug|Win32
		{7B0C5545-CB44-496A-98FE-27E74C7D06A2}.Debug|x86.Build.0 = Debug|Win32
		{7B0C5545-CB44-496A-98FE-27E74C7D06A2}.Release|x64.ActiveCfg = Release|x64
		{7B0C5545-CB44-496A-98FE-27E74C7D06A2}.Release|x64.Build.0 = Release|x64
		{7B0C5545-CB44-496A-98FE-27E74C7D06A2}.Release|x86.ActiveCfg = Release|Win32
		{7B0C5545-CB44-496A-98FE-27E74C7D06A2}.Release|x86.Build.0 = Release|Win32
		{419692E2-C648-4E90-976D-8918992F3D6C}.Debug|x64.ActiveCfg = Debug|x64
		{419692E2-C648-4E90-976D-8918992F3D6C}.Debug|x64.Build.0 = Debug|x64
		{419692E2-C648-4E90-976D-8918992F3D6C}.Debug|x86.ActiveCfg = Debug|Win32
		{419692E2-C648-4E90-976D-8918992F3D6C}.Debug|x86.Build.0 = Debug|Win32
		{419692E2-C648-4E90-976D-8918992F3D6C}.Release|x64.ActiveCfg = Release|x64
		{419692E2-C648-4E90-976D-8918992F3D6C}.Release|x64.Build.0 = Release|x64
		{419692E2-C648-4E90-976D-8918992F3D6C}.Release|x86.ActiveCfg = Release|Win32
		{419692E2-C648-4E90-976D-8918992F3D6C}.Release|x86.Build.0 = Release|Win32
		{7048E58C-927D-46D7-ABF9-D4CECEFA2EF5}.Debug|x64.ActiveCfg = Debug|x64
		{7048E58C-927D-46D7-ABF9-D4CECEFA2EF5}.Debug|x64.Build.0 = Debug|x64
		{7048E58C-927D-46D7-ABF9-D4CECEFA2EF5}.Debug|x86.ActiveCfg = Debug|Win32
		{7048E58C-927D-46D7-ABF9-D4CECEFA2EF5}.Debug|x86.Build.0 = Debug|Win32
		{7048E58C-927D-46D7-ABF9-D4CECEFA2EF5}.Release|x64.ActiveCfg = Release|x64
		{7048E58C-927D-46D7-ABF9-D4CECEFA2EF5}.Release|x64.Build.0 = Release|x64
		{7048E58C-927D-46D7-ABF9-D4CECEFA2EF5}.Release|x86.ActiveCfg = Release|Win32
		{7048E58C-927D-46D7-ABF9-D4CECEFA2EF5}.Release|x86.Build.0 = Release|Win32
		{29CB64DA-2E66-456D-8B10-5ED34C754E0A}.Debug|x64.ActiveCfg = Debug|x64
		{29CB64DA-2E66-456D-8B10-5ED34C754E0A}.Debug|x64.Build.0 = Debug|x64
		{29CB64DA-2E66-456D-8B10-5ED34C754E0A}.Debug|x86.ActiveCfg = Debug|Win32
		{29CB64DA-2E66-456D-8B10-5ED34C754E0A}.Debug|x86.Build.0 = Debug|Win32
		{29CB64DA-2E66-456D-8B10-5ED34C754E0A}.Release|x64.ActiveCfg = Release|x64
		{29CB64DA-2E66-456D-8B10-5ED34C754E0A}.Release|x64.Build.0 = Release|x64
		{29CB64DA-2E66-456D-8B10-5ED34C754E0A}.Release|x86.ActiveCfg = Release|Win32
		{29CB64DA-2E66-456D-8B10-5ED34C754E0A}.Release|x86.Build.0 = Release|Win32
	EndGlobalSection
	GlobalSection(SolutionProperties) = preSolution
		HideSolutionNode = FALSE
	EndGlobalSection
	GlobalSection(ExtensibilityGlobals) = postSolution
		SolutionGuid = {54935CC5-CEEA-44CB-8C06-1ABD3D2D6A62}
	EndGlobalSection
EndGlobal
