
Microsoft Visual Studio Solution File, Format Version 12.00
# Visual Studio 15
VisualStudioVersion = 15.0.27703.2018
MinimumVisualStudioVersion = 10.0.40219.1
Project("{8BC9CEB8-8B4A-11D0-8D11-00A0C91BC942}") = "structured_bindings", "structured_bindings\structured_bindings.vcxproj", "{18D5C7EF-B79F-4C19-9586-6D1F1D2360BB}"
EndProject
Project("{8BC9CEB8-8B4A-11D0-8D11-00A0C91BC942}") = "bracket_initializer", "bracket_initializer\bracket_initializer.vcxproj", "{ABD3E729-8CF0-4DE8-B68B-0826F30873D9}"
EndProject
Global
	GlobalSection(SolutionConfigurationPlatforms) = preSolution
		Debug|x64 = Debug|x64
		Debug|x86 = Debug|x86
		Release|x64 = Release|x64
		Release|x86 = Release|x86
	EndGlobalSection
	GlobalSection(ProjectConfigurationPlatforms) = postSolution
		{18D5C7EF-B79F-4C19-9586-6D1F1D2360BB}.Debug|x64.ActiveCfg = Debug|x64
		{18D5C7EF-B79F-4C19-9586-6D1F1D2360BB}.Debug|x64.Build.0 = Debug|x64
		{18D5C7EF-B79F-4C19-9586-6D1F1D2360BB}.Debug|x86.ActiveCfg = Debug|Win32
		{18D5C7EF-B79F-4C19-9586-6D1F1D2360BB}.Debug|x86.Build.0 = Debug|Win32
		{18D5C7EF-B79F-4C19-9586-6D1F1D2360BB}.Release|x64.ActiveCfg = Release|x64
		{18D5C7EF-B79F-4C19-9586-6D1F1D2360BB}.Release|x64.Build.0 = Release|x64
		{18D5C7EF-B79F-4C19-9586-6D1F1D2360BB}.Release|x86.ActiveCfg = Release|Win32
		{18D5C7EF-B79F-4C19-9586-6D1F1D2360BB}.Release|x86.Build.0 = Release|Win32
		{ABD3E729-8CF0-4DE8-B68B-0826F30873D9}.Debug|x64.ActiveCfg = Debug|x64
		{ABD3E729-8CF0-4DE8-B68B-0826F30873D9}.Debug|x64.Build.0 = Debug|x64
		{ABD3E729-8CF0-4DE8-B68B-0826F30873D9}.Debug|x86.ActiveCfg = Debug|Win32
		{ABD3E729-8CF0-4DE8-B68B-0826F30873D9}.Debug|x86.Build.0 = Debug|Win32
		{ABD3E729-8CF0-4DE8-B68B-0826F30873D9}.Release|x64.ActiveCfg = Release|x64
		{ABD3E729-8CF0-4DE8-B68B-0826F30873D9}.Release|x64.Build.0 = Release|x64
		{ABD3E729-8CF0-4DE8-B68B-0826F30873D9}.Release|x86.ActiveCfg = Release|Win32
		{ABD3E729-8CF0-4DE8-B68B-0826F30873D9}.Release|x86.Build.0 = Release|Win32
	EndGlobalSection
	GlobalSection(SolutionProperties) = preSolution
		HideSolutionNode = FALSE
	EndGlobalSection
	GlobalSection(ExtensibilityGlobals) = postSolution
		SolutionGuid = {C6A3CEE5-E7E1-4A03-B409-4D021D56EF06}
	EndGlobalSection
EndGlobal
