
Microsoft Visual Studio Solution File, Format Version 12.00
# Visual Studio 15
VisualStudioVersion = 15.0.27130.2010
MinimumVisualStudioVersion = 10.0.40219.1
Project("{8BC9CEB8-8B4A-11D0-8D11-00A0C91BC942}") = "CatchDemo", "CatchDemo.vcxproj", "{B78C1F45-B3EB-4CB7-9121-10E096728391}"
EndProject
Global
	GlobalSection(SolutionConfigurationPlatforms) = preSolution
		Debug|x64 = Debug|x64
		Debug|x86 = Debug|x86
		Release|x64 = Release|x64
		Release|x86 = Release|x86
	EndGlobalSection
	GlobalSection(ProjectConfigurationPlatforms) = postSolution
		{B78C1F45-B3EB-4CB7-9121-10E096728391}.Debug|x64.ActiveCfg = Debug|x64
		{B78C1F45-B3EB-4CB7-9121-10E096728391}.Debug|x64.Build.0 = Debug|x64
		{B78C1F45-B3EB-4CB7-9121-10E096728391}.Debug|x86.ActiveCfg = Debug|Win32
		{B78C1F45-B3EB-4CB7-9121-10E096728391}.Debug|x86.Build.0 = Debug|Win32
		{B78C1F45-B3EB-4CB7-9121-10E096728391}.Release|x64.ActiveCfg = Release|x64
		{B78C1F45-B3EB-4CB7-9121-10E096728391}.Release|x64.Build.0 = Release|x64
		{B78C1F45-B3EB-4CB7-9121-10E096728391}.Release|x86.ActiveCfg = Release|Win32
		{B78C1F45-B3EB-4CB7-9121-10E096728391}.Release|x86.Build.0 = Release|Win32
	EndGlobalSection
	GlobalSection(SolutionProperties) = preSolution
		HideSolutionNode = FALSE
	EndGlobalSection
	GlobalSection(ExtensibilityGlobals) = postSolution
		SolutionGuid = {CEE9FF36-0C16-4014-BC1B-CDC3BE5495A6}
	EndGlobalSection
EndGlobal
